
Microsoft Visual Studio Solution File, Format Version 12.00
# Visual Studio Version 16
VisualStudioVersion = 16.0.29613.14
MinimumVisualStudioVersion = 10.0.40219.1
Project("{FAE04EC0-301F-11D3-BF4B-00C04F79EFBC}") = "DotNetCoreMVCBasics", "DotNetCoreMVCBasics.csproj", "{3B702ED1-6BD9-4848-909A-840A1B92DD8E}"
EndProject
Global
	GlobalSection(SolutionConfigurationPlatforms) = preSolution
		Debug|Any CPU = Debug|Any CPU
		Release|Any CPU = Release|Any CPU
	EndGlobalSection
	GlobalSection(ProjectConfigurationPlatforms) = postSolution
		{3B702ED1-6BD9-4848-909A-840A1B92DD8E}.Debug|Any CPU.ActiveCfg = Debug|Any CPU
		{3B702ED1-6BD9-4848-909A-840A1B92DD8E}.Debug|Any CPU.Build.0 = Debug|Any CPU
		{3B702ED1-6BD9-4848-909A-840A1B92DD8E}.Release|Any CPU.ActiveCfg = Release|Any CPU
		{3B702ED1-6BD9-4848-909A-840A1B92DD8E}.Release|Any CPU.Build.0 = Release|Any CPU
	EndGlobalSection
	GlobalSection(SolutionProperties) = preSolution
		HideSolutionNode = FALSE
	EndGlobalSection
	GlobalSection(ExtensibilityGlobals) = postSolution
		SolutionGuid = {65CA8DF4-4A86-4DBD-8D81-3EE45B5E9EA0}
	EndGlobalSection
EndGlobal
